// !$*UTF8*$!
{
	archiveVersion = 1;
	classes = {
	};
	objectVersion = 51;
	objects = {

/* Begin PBXBuildFile section */
		7913FB7B253602C1009631B3 /* Comments.swift in Sources */ = {isa = PBXBuildFile; fileRef = 7913FB7A253602C1009631B3 /* Comments.swift */; };
		795915292536573200D81EB2 /* UserModel.swift in Sources */ = {isa = PBXBuildFile; fileRef = 795915282536573200D81EB2 /* UserModel.swift */; };
		7959153A2536936700D81EB2 /* PhotoViewController.swift in Sources */ = {isa = PBXBuildFile; fileRef = 795915392536936700D81EB2 /* PhotoViewController.swift */; };
		7959153F253693D400D81EB2 /* PhotoCell.swift in Sources */ = {isa = PBXBuildFile; fileRef = 7959153D253693D400D81EB2 /* PhotoCell.swift */; };
		79591540253693D400D81EB2 /* PhotoCell.xib in Resources */ = {isa = PBXBuildFile; fileRef = 7959153E253693D400D81EB2 /* PhotoCell.xib */; };
		7959154425369DED00D81EB2 /* PhotoModel.swift in Sources */ = {isa = PBXBuildFile; fileRef = 7959154325369DED00D81EB2 /* PhotoModel.swift */; };
		79BE148D253523AA004FC830 /* AppDelegate.swift in Sources */ = {isa = PBXBuildFile; fileRef = 79BE148C253523AA004FC830 /* AppDelegate.swift */; };
		79BE148F253523AA004FC830 /* SceneDelegate.swift in Sources */ = {isa = PBXBuildFile; fileRef = 79BE148E253523AA004FC830 /* SceneDelegate.swift */; };
		79BE1491253523AA004FC830 /* ViewController.swift in Sources */ = {isa = PBXBuildFile; fileRef = 79BE1490253523AA004FC830 /* ViewController.swift */; };
		79BE1494253523AA004FC830 /* Main.storyboard in Resources */ = {isa = PBXBuildFile; fileRef = 79BE1492253523AA004FC830 /* Main.storyboard */; };
		79BE1496253523C4004FC830 /* Assets.xcassets in Resources */ = {isa = PBXBuildFile; fileRef = 79BE1495253523C4004FC830 /* Assets.xcassets */; };
		79BE1499253523C4004FC830 /* LaunchScreen.storyboard in Resources */ = {isa = PBXBuildFile; fileRef = 79BE1497253523C4004FC830 /* LaunchScreen.storyboard */; };
		79BE14AB2535587C004FC830 /* RegisterViewController.swift in Sources */ = {isa = PBXBuildFile; fileRef = 79BE14AA2535587C004FC830 /* RegisterViewController.swift */; };
		79BE14AE25355DB2004FC830 /* PostsViewController.swift in Sources */ = {isa = PBXBuildFile; fileRef = 79BE14AD25355DB2004FC830 /* PostsViewController.swift */; };
		79BE14B425355F6C004FC830 /* PostsModel.swift in Sources */ = {isa = PBXBuildFile; fileRef = 79BE14B325355F6C004FC830 /* PostsModel.swift */; };
		FF2792D6843A1567B00024C3 /* Pods_Webservices.framework in Frameworks */ = {isa = PBXBuildFile; fileRef = 01D88DB824598E8711703D8C /* Pods_Webservices.framework */; };
/* End PBXBuildFile section */

/* Begin PBXFileReference section */
		01D88DB824598E8711703D8C /* Pods_Webservices.framework */ = {isa = PBXFileReference; explicitFileType = wrapper.framework; includeInIndex = 0; path = Pods_Webservices.framework; sourceTree = BUILT_PRODUCTS_DIR; };
		0DA0207F29DF11E1F8830186 /* Pods-Webservices.release.xcconfig */ = {isa = PBXFileReference; includeInIndex = 1; lastKnownFileType = text.xcconfig; name = "Pods-Webservices.release.xcconfig"; path = "Target Support Files/Pods-Webservices/Pods-Webservices.release.xcconfig"; sourceTree = "<group>"; };
		7913FB7A253602C1009631B3 /* Comments.swift */ = {isa = PBXFileReference; lastKnownFileType = sourcecode.swift; path = Comments.swift; sourceTree = "<group>"; };
		795915282536573200D81EB2 /* UserModel.swift */ = {isa = PBXFileReference; lastKnownFileType = sourcecode.swift; path = UserModel.swift; sourceTree = "<group>"; };
		795915392536936700D81EB2 /* PhotoViewController.swift */ = {isa = PBXFileReference; lastKnownFileType = sourcecode.swift; path = PhotoViewController.swift; sourceTree = "<group>"; };
		7959153D253693D400D81EB2 /* PhotoCell.swift */ = {isa = PBXFileReference; lastKnownFileType = sourcecode.swift; path = PhotoCell.swift; sourceTree = "<group>"; };
		7959153E253693D400D81EB2 /* PhotoCell.xib */ = {isa = PBXFileReference; lastKnownFileType = file.xib; path = PhotoCell.xib; sourceTree = "<group>"; };
		7959154325369DED00D81EB2 /* PhotoModel.swift */ = {isa = PBXFileReference; lastKnownFileType = sourcecode.swift; path = PhotoModel.swift; sourceTree = "<group>"; };
		79BE1489253523AA004FC830 /* Webservices.app */ = {isa = PBXFileReference; explicitFileType = wrapper.application; includeInIndex = 0; path = Webservices.app; sourceTree = BUILT_PRODUCTS_DIR; };
		79BE148C253523AA004FC830 /* AppDelegate.swift */ = {isa = PBXFileReference; lastKnownFileType = sourcecode.swift; path = AppDelegate.swift; sourceTree = "<group>"; };
		79BE148E253523AA004FC830 /* SceneDelegate.swift */ = {isa = PBXFileReference; lastKnownFileType = sourcecode.swift; path = SceneDelegate.swift; sourceTree = "<group>"; };
		79BE1490253523AA004FC830 /* ViewController.swift */ = {isa = PBXFileReference; lastKnownFileType = sourcecode.swift; path = ViewController.swift; sourceTree = "<group>"; };
		79BE1493253523AA004FC830 /* Base */ = {isa = PBXFileReference; lastKnownFileType = file.storyboard; name = Base; path = Base.lproj/Main.storyboard; sourceTree = "<group>"; };
		79BE1495253523C4004FC830 /* Assets.xcassets */ = {isa = PBXFileReference; lastKnownFileType = folder.assetcatalog; path = Assets.xcassets; sourceTree = "<group>"; };
		79BE1498253523C4004FC830 /* Base */ = {isa = PBXFileReference; lastKnownFileType = file.storyboard; name = Base; path = Base.lproj/LaunchScreen.storyboard; sourceTree = "<group>"; };
		79BE149A253523C4004FC830 /* Info.plist */ = {isa = PBXFileReference; lastKnownFileType = text.plist.xml; path = Info.plist; sourceTree = "<group>"; };
		79BE14AA2535587C004FC830 /* RegisterViewController.swift */ = {isa = PBXFileReference; lastKnownFileType = sourcecode.swift; path = RegisterViewController.swift; sourceTree = "<group>"; };
		79BE14AD25355DB2004FC830 /* PostsViewController.swift */ = {isa = PBXFileReference; lastKnownFileType = sourcecode.swift; path = PostsViewController.swift; sourceTree = "<group>"; };
		79BE14B325355F6C004FC830 /* PostsModel.swift */ = {isa = PBXFileReference; lastKnownFileType = sourcecode.swift; path = PostsModel.swift; sourceTree = "<group>"; };
		C2F846397B71F5CD2F821A33 /* Pods-Webservices.debug.xcconfig */ = {isa = PBXFileReference; includeInIndex = 1; lastKnownFileType = text.xcconfig; name = "Pods-Webservices.debug.xcconfig"; path = "Target Support Files/Pods-Webservices/Pods-Webservices.debug.xcconfig"; sourceTree = "<group>"; };
/* End PBXFileReference section */

/* Begin PBXFrameworksBuildPhase section */
		79BE1486253523AA004FC830 /* Frameworks */ = {
			isa = PBXFrameworksBuildPhase;
			buildActionMask = 2147483647;
			files = (
				FF2792D6843A1567B00024C3 /* Pods_Webservices.framework in Frameworks */,
			);
			runOnlyForDeploymentPostprocessing = 0;
		};
/* End PBXFrameworksBuildPhase section */

/* Begin PBXGroup section */
		22198C5AD31843D2D6FBFEC9 /* Frameworks */ = {
			isa = PBXGroup;
			children = (
				01D88DB824598E8711703D8C /* Pods_Webservices.framework */,
			);
			name = Frameworks;
			sourceTree = "<group>";
		};
		2CBA3BDD2A09BF8BC1926678 /* Pods */ = {
			isa = PBXGroup;
			children = (
				C2F846397B71F5CD2F821A33 /* Pods-Webservices.debug.xcconfig */,
				0DA0207F29DF11E1F8830186 /* Pods-Webservices.release.xcconfig */,
			);
			path = Pods;
			sourceTree = "<group>";
		};
		7959152B253673F200D81EB2 /* getPhotos */ = {
			isa = PBXGroup;
			children = (
				795915392536936700D81EB2 /* PhotoViewController.swift */,
				7959153C253693B300D81EB2 /* cell */,
			);
			path = getPhotos;
			sourceTree = "<group>";
		};
		7959153C253693B300D81EB2 /* cell */ = {
			isa = PBXGroup;
			children = (
				7959153D253693D400D81EB2 /* PhotoCell.swift */,
				7959153E253693D400D81EB2 /* PhotoCell.xib */,
			);
			path = cell;
			sourceTree = "<group>";
		};
		79BE1480253523AA004FC830 = {
			isa = PBXGroup;
			children = (
				79BE148B253523AA004FC830 /* Webservices */,
				79BE148A253523AA004FC830 /* Products */,
				2CBA3BDD2A09BF8BC1926678 /* Pods */,
				22198C5AD31843D2D6FBFEC9 /* Frameworks */,
			);
			sourceTree = "<group>";
		};
		79BE148A253523AA004FC830 /* Products */ = {
			isa = PBXGroup;
			children = (
				79BE1489253523AA004FC830 /* Webservices.app */,
			);
			name = Products;
			sourceTree = "<group>";
		};
		79BE148B253523AA004FC830 /* Webservices */ = {
			isa = PBXGroup;
			children = (
				79BE14B6253564F5004FC830 /* Controllers */,
				79BE14B225355F5C004FC830 /* Model */,
				79BE1492253523AA004FC830 /* Main.storyboard */,
				79BE148C253523AA004FC830 /* AppDelegate.swift */,
				79BE148E253523AA004FC830 /* SceneDelegate.swift */,
				79BE1495253523C4004FC830 /* Assets.xcassets */,
				79BE1497253523C4004FC830 /* LaunchScreen.storyboard */,
				79BE149A253523C4004FC830 /* Info.plist */,
			);
			path = Webservices;
			sourceTree = "<group>";
		};
		79BE14B225355F5C004FC830 /* Model */ = {
			isa = PBXGroup;
			children = (
				79BE14B325355F6C004FC830 /* PostsModel.swift */,
				7913FB7A253602C1009631B3 /* Comments.swift */,
				795915282536573200D81EB2 /* UserModel.swift */,
				7959154325369DED00D81EB2 /* PhotoModel.swift */,
			);
			path = Model;
			sourceTree = "<group>";
		};
		79BE14B6253564F5004FC830 /* Controllers */ = {
			isa = PBXGroup;
			children = (
				79BE1490253523AA004FC830 /* ViewController.swift */,
				79BE14AA2535587C004FC830 /* RegisterViewController.swift */,
				79BE14AD25355DB2004FC830 /* PostsViewController.swift */,
				7959152B253673F200D81EB2 /* getPhotos */,
			);
			path = Controllers;
			sourceTree = "<group>";
		};
/* End PBXGroup section */

/* Begin PBXNativeTarget section */
		79BE1488253523AA004FC830 /* Webservices */ = {
			isa = PBXNativeTarget;
			buildConfigurationList = 79BE149D253523C4004FC830 /* Build configuration list for PBXNativeTarget "Webservices" */;
			buildPhases = (
				876C9B50B50CAD9C58842AA5 /* [CP] Check Pods Manifest.lock */,
				79BE1485253523AA004FC830 /* Sources */,
				79BE1486253523AA004FC830 /* Frameworks */,
				79BE1487253523AA004FC830 /* Resources */,
				9FE1189B46C5F68A96EC5332 /* [CP] Embed Pods Frameworks */,
			);
			buildRules = (
			);
			dependencies = (
			);
			name = Webservices;
			productName = Webservices;
			productReference = 79BE1489253523AA004FC830 /* Webservices.app */;
			productType = "com.apple.product-type.application";
		};
/* End PBXNativeTarget section */

/* Begin PBXProject section */
		79BE1481253523AA004FC830 /* Project object */ = {
			isa = PBXProject;
			attributes = {
				LastSwiftUpdateCheck = 1200;
				LastUpgradeCheck = 1200;
				TargetAttributes = {
					79BE1488253523AA004FC830 = {
						CreatedOnToolsVersion = 12.0.1;
					};
				};
			};
			buildConfigurationList = 79BE1484253523AA004FC830 /* Build configuration list for PBXProject "Webservices" */;
			compatibilityVersion = "Xcode 9.3";
			developmentRegion = en;
			hasScannedForEncodings = 0;
			knownRegions = (
				en,
				Base,
			);
			mainGroup = 79BE1480253523AA004FC830;
			productRefGroup = 79BE148A253523AA004FC830 /* Products */;
			projectDirPath = "";
			projectRoot = "";
			targets = (
				79BE1488253523AA004FC830 /* Webservices */,
			);
		};
/* End PBXProject section */

/* Begin PBXResourcesBuildPhase section */
		79BE1487253523AA004FC830 /* Resources */ = {
			isa = PBXResourcesBuildPhase;
			buildActionMask = 2147483647;
			files = (
				79591540253693D400D81EB2 /* PhotoCell.xib in Resources */,
				79BE1499253523C4004FC830 /* LaunchScreen.storyboard in Resources */,
				79BE1496253523C4004FC830 /* Assets.xcassets in Resources */,
				79BE1494253523AA004FC830 /* Main.storyboard in Resources */,
			);
			runOnlyForDeploymentPostprocessing = 0;
		};
/* End PBXResourcesBuildPhase section */

/* Begin PBXShellScriptBuildPhase section */
		876C9B50B50CAD9C58842AA5 /* [CP] Check Pods Manifest.lock */ = {
			isa = PBXShellScriptBuildPhase;
			buildActionMask = 2147483647;
			files = (
			);
			inputFileListPaths = (
			);
			inputPaths = (
				"${PODS_PODFILE_DIR_PATH}/Podfile.lock",
				"${PODS_ROOT}/Manifest.lock",
			);
			name = "[CP] Check Pods Manifest.lock";
			outputFileListPaths = (
			);
			outputPaths = (
				"$(DERIVED_FILE_DIR)/Pods-Webservices-checkManifestLockResult.txt",
			);
			runOnlyForDeploymentPostprocessing = 0;
			shellPath = /bin/sh;
			shellScript = "diff \"${PODS_PODFILE_DIR_PATH}/Podfile.lock\" \"${PODS_ROOT}/Manifest.lock\" > /dev/null\nif [ $? != 0 ] ; then\n    # print error to STDERR\n    echo \"error: The sandbox is not in sync with the Podfile.lock. Run 'pod install' or update your CocoaPods installation.\" >&2\n    exit 1\nfi\n# This output is used by Xcode 'outputs' to avoid re-running this script phase.\necho \"SUCCESS\" > \"${SCRIPT_OUTPUT_FILE_0}\"\n";
			showEnvVarsInLog = 0;
		};
		9FE1189B46C5F68A96EC5332 /* [CP] Embed Pods Frameworks */ = {
			isa = PBXShellScriptBuildPhase;
			buildActionMask = 2147483647;
			files = (
			);
			inputFileListPaths = (
				"${PODS_ROOT}/Target Support Files/Pods-Webservices/Pods-Webservices-frameworks-${CONFIGURATION}-input-files.xcfilelist",
			);
			name = "[CP] Embed Pods Frameworks";
			outputFileListPaths = (
				"${PODS_ROOT}/Target Support Files/Pods-Webservices/Pods-Webservices-frameworks-${CONFIGURATION}-output-files.xcfilelist",
			);
			runOnlyForDeploymentPostprocessing = 0;
			shellPath = /bin/sh;
			shellScript = "\"${PODS_ROOT}/Target Support Files/Pods-Webservices/Pods-Webservices-frameworks.sh\"\n";
			showEnvVarsInLog = 0;
		};
/* End PBXShellScriptBuildPhase section */

/* Begin PBXSourcesBuildPhase section */
		79BE1485253523AA004FC830 /* Sources */ = {
			isa = PBXSourcesBuildPhase;
			buildActionMask = 2147483647;
			files = (
				79BE1491253523AA004FC830 /* ViewController.swift in Sources */,
				79BE148D253523AA004FC830 /* AppDelegate.swift in Sources */,
				795915292536573200D81EB2 /* UserModel.swift in Sources */,
				79BE148F253523AA004FC830 /* SceneDelegate.swift in Sources */,
				7913FB7B253602C1009631B3 /* Comments.swift in Sources */,
				7959153A2536936700D81EB2 /* PhotoViewController.swift in Sources */,
				7959153F253693D400D81EB2 /* PhotoCell.swift in Sources */,
				79BE14AB2535587C004FC830 /* RegisterViewController.swift in Sources */,
				7959154425369DED00D81EB2 /* PhotoModel.swift in Sources */,
				79BE14AE25355DB2004FC830 /* PostsViewController.swift in Sources */,
				79BE14B425355F6C004FC830 /* PostsModel.swift in Sources */,
			);
			runOnlyForDeploymentPostprocessing = 0;
		};
/* End PBXSourcesBuildPhase section */

/* Begin PBXVariantGroup section */
		79BE1492253523AA004FC830 /* Main.storyboard */ = {
			isa = PBXVariantGroup;
			children = (
				79BE1493253523AA004FC830 /* Base */,
			);
			name = Main.storyboard;
			sourceTree = "<group>";
		};
		79BE1497253523C4004FC830 /* LaunchScreen.storyboard */ = {
			isa = PBXVariantGroup;
			children = (
				79BE1498253523C4004FC830 /* Base */,
			);
			name = LaunchScreen.storyboard;
			sourceTree = "<group>";
		};
/* End PBXVariantGroup section */

/* Begin XCBuildConfiguration section */
		79BE149B253523C4004FC830 /* Debug */ = {
			isa = XCBuildConfiguration;
			buildSettings = {
				ALWAYS_SEARCH_USER_PATHS = NO;
				CLANG_ANALYZER_NONNULL = YES;
				CLANG_ANALYZER_NUMBER_OBJECT_CONVERSION = YES_AGGRESSIVE;
				CLANG_CXX_LANGUAGE_STANDARD = "gnu++14";
				CLANG_CXX_LIBRARY = "libc++";
				CLANG_ENABLE_MODULES = YES;
				CLANG_ENABLE_OBJC_ARC = YES;
				CLANG_ENABLE_OBJC_WEAK = YES;
				CLANG_WARN_BLOCK_CAPTURE_AUTORELEASING = YES;
				CLANG_WARN_BOOL_CONVERSION = YES;
				CLANG_WARN_COMMA = YES;
				CLANG_WARN_CONSTANT_CONVERSION = YES;
				CLANG_WARN_DEPRECATED_OBJC_IMPLEMENTATIONS = YES;
				CLANG_WARN_DIRECT_OBJC_ISA_USAGE = YES_ERROR;
				CLANG_WARN_DOCUMENTATION_COMMENTS = YES;
				CLANG_WARN_EMPTY_BODY = YES;
				CLANG_WARN_ENUM_CONVERSION = YES;
				CLANG_WARN_INFINITE_RECURSION = YES;
				CLANG_WARN_INT_CONVERSION = YES;
				CLANG_WARN_NON_LITERAL_NULL_CONVERSION = YES;
				CLANG_WARN_OBJC_IMPLICIT_RETAIN_SELF = YES;
				CLANG_WARN_OBJC_LITERAL_CONVERSION = YES;
				CLANG_WARN_OBJC_ROOT_CLASS = YES_ERROR;
				CLANG_WARN_QUOTED_INCLUDE_IN_FRAMEWORK_HEADER = YES;
				CLANG_WARN_RANGE_LOOP_ANALYSIS = YES;
				CLANG_WARN_STRICT_PROTOTYPES = YES;
				CLANG_WARN_SUSPICIOUS_MOVE = YES;
				CLANG_WARN_UNGUARDED_AVAILABILITY = YES_AGGRESSIVE;
				CLANG_WARN_UNREACHABLE_CODE = YES;
				CLANG_WARN__DUPLICATE_METHOD_MATCH = YES;
				COPY_PHASE_STRIP = NO;
				DEBUG_INFORMATION_FORMAT = dwarf;
				ENABLE_STRICT_OBJC_MSGSEND = YES;
				ENABLE_TESTABILITY = YES;
				GCC_C_LANGUAGE_STANDARD = gnu11;
				GCC_DYNAMIC_NO_PIC = NO;
				GCC_NO_COMMON_BLOCKS = YES;
				GCC_OPTIMIZATION_LEVEL = 0;
				GCC_PREPROCESSOR_DEFINITIONS = (
					"DEBUG=1",
					"$(inherited)",
				);
				GCC_WARN_64_TO_32_BIT_CONVERSION = YES;
				GCC_WARN_ABOUT_RETURN_TYPE = YES_ERROR;
				GCC_WARN_UNDECLARED_SELECTOR = YES;
				GCC_WARN_UNINITIALIZED_AUTOS = YES_AGGRESSIVE;
				GCC_WARN_UNUSED_FUNCTION = YES;
				GCC_WARN_UNUSED_VARIABLE = YES;
				IPHONEOS_DEPLOYMENT_TARGET = 14.0;
				MTL_ENABLE_DEBUG_INFO = INCLUDE_SOURCE;
				MTL_FAST_MATH = YES;
				ONLY_ACTIVE_ARCH = YES;
				SDKROOT = iphoneos;
				SWIFT_ACTIVE_COMPILATION_CONDITIONS = DEBUG;
				SWIFT_OPTIMIZATION_LEVEL = "-Onone";
			};
			name = Debug;
		};
		79BE149C253523C4004FC830 /* Release */ = {
			isa = XCBuildConfiguration;
			buildSettings = {
				ALWAYS_SEARCH_USER_PATHS = NO;
				CLANG_ANALYZER_NONNULL = YES;
				CLANG_ANALYZER_NUMBER_OBJECT_CONVERSION = YES_AGGRESSIVE;
				CLANG_CXX_LANGUAGE_STANDARD = "gnu++14";
				CLANG_CXX_LIBRARY = "libc++";
				CLANG_ENABLE_MODULES = YES;
				CLANG_ENABLE_OBJC_ARC = YES;
				CLANG_ENABLE_OBJC_WEAK = YES;
				CLANG_WARN_BLOCK_CAPTURE_AUTORELEASING = YES;
				CLANG_WARN_BOOL_CONVERSION = YES;
				CLANG_WARN_COMMA = YES;
				CLANG_WARN_CONSTANT_CONVERSION = YES;
				CLANG_WARN_DEPRECATED_OBJC_IMPLEMENTATIONS = YES;
				CLANG_WARN_DIRECT_OBJC_ISA_USAGE = YES_ERROR;
				CLANG_WARN_DOCUMENTATION_COMMENTS = YES;
				CLANG_WARN_EMPTY_BODY = YES;
				CLANG_WARN_ENUM_CONVERSION = YES;
				CLANG_WARN_INFINITE_RECURSION = YES;
				CLANG_WARN_INT_CONVERSION = YES;
				CLANG_WARN_NON_LITERAL_NULL_CONVERSION = YES;
				CLANG_WARN_OBJC_IMPLICIT_RETAIN_SELF = YES;
				CLANG_WARN_OBJC_LITERAL_CONVERSION = YES;
				CLANG_WARN_OBJC_ROOT_CLASS = YES_ERROR;
				CLANG_WARN_QUOTED_INCLUDE_IN_FRAMEWORK_HEADER = YES;
				CLANG_WARN_RANGE_LOOP_ANALYSIS = YES;
				CLANG_WARN_STRICT_PROTOTYPES = YES;
				CLANG_WARN_SUSPICIOUS_MOVE = YES;
				CLANG_WARN_UNGUARDED_AVAILABILITY = YES_AGGRESSIVE;
				CLANG_WARN_UNREACHABLE_CODE = YES;
				CLANG_WARN__DUPLICATE_METHOD_MATCH = YES;
				COPY_PHASE_STRIP = NO;
				DEBUG_INFORMATION_FORMAT = "dwarf-with-dsym";
				ENABLE_NS_ASSERTIONS = NO;
				ENABLE_STRICT_OBJC_MSGSEND = YES;
				GCC_C_LANGUAGE_STANDARD = gnu11;
				GCC_NO_COMMON_BLOCKS = YES;
				GCC_WARN_64_TO_32_BIT_CONVERSION = YES;
				GCC_WARN_ABOUT_RETURN_TYPE = YES_ERROR;
				GCC_WARN_UNDECLARED_SELECTOR = YES;
				GCC_WARN_UNINITIALIZED_AUTOS = YES_AGGRESSIVE;
				GCC_WARN_UNUSED_FUNCTION = YES;
				GCC_WARN_UNUSED_VARIABLE = YES;
				IPHONEOS_DEPLOYMENT_TARGET = 14.0;
				MTL_ENABLE_DEBUG_INFO = NO;
				MTL_FAST_MATH = YES;
				SDKROOT = iphoneos;
				SWIFT_COMPILATION_MODE = wholemodule;
				SWIFT_OPTIMIZATION_LEVEL = "-O";
				VALIDATE_PRODUCT = YES;
			};
			name = Release;
		};
		79BE149E253523C4004FC830 /* Debug */ = {
			isa = XCBuildConfiguration;
			baseConfigurationReference = C2F846397B71F5CD2F821A33 /* Pods-Webservices.debug.xcconfig */;
			buildSettings = {
				ASSETCATALOG_COMPILER_APPICON_NAME = AppIcon;
				ASSETCATALOG_COMPILER_GLOBAL_ACCENT_COLOR_NAME = AccentColor;
				CODE_SIGN_STYLE = Automatic;
				DEVELOPMENT_TEAM = L5Y442FJFB;
				INFOPLIST_FILE = Webservices/Info.plist;
				LD_RUNPATH_SEARCH_PATHS = (
					"$(inherited)",
					"@executable_path/Frameworks",
				);
				PRODUCT_BUNDLE_IDENTIFIER = com.ans96283.Webservices;
				PRODUCT_NAME = "$(TARGET_NAME)";
				SWIFT_VERSION = 5.0;
				TARGETED_DEVICE_FAMILY = "1,2";
			};
			name = Debug;
		};
		79BE149F253523C4004FC830 /* Release */ = {
			isa = XCBuildConfiguration;
			baseConfigurationReference = 0DA0207F29DF11E1F8830186 /* Pods-Webservices.release.xcconfig */;
			buildSettings = {
				ASSETCATALOG_COMPILER_APPICON_NAME = AppIcon;
				ASSETCATALOG_COMPILER_GLOBAL_ACCENT_COLOR_NAME = AccentColor;
				CODE_SIGN_STYLE = Automatic;
				DEVELOPMENT_TEAM = L5Y442FJFB;
				INFOPLIST_FILE = Webservices/Info.plist;
				LD_RUNPATH_SEARCH_PATHS = (
					"$(inherited)",
					"@executable_path/Frameworks",
				);
				PRODUCT_BUNDLE_IDENTIFIER = com.ans96283.Webservices;
				PRODUCT_NAME = "$(TARGET_NAME)";
				SWIFT_VERSION = 5.0;
				TARGETED_DEVICE_FAMILY = "1,2";
			};
			name = Release;
		};
/* End XCBuildConfiguration section */

/* Begin XCConfigurationList section */
		79BE1484253523AA004FC830 /* Build configuration list for PBXProject "Webservices" */ = {
			isa = XCConfigurationList;
			buildConfigurations = (
				79BE149B253523C4004FC830 /* Debug */,
				79BE149C253523C4004FC830 /* Release */,
			);
			defaultConfigurationIsVisible = 0;
			defaultConfigurationName = Release;
		};
		79BE149D253523C4004FC830 /* Build configuration list for PBXNativeTarget "Webservices" */ = {
			isa = XCConfigurationList;
			buildConfigurations = (
				79BE149E253523C4004FC830 /* Debug */,
				79BE149F253523C4004FC830 /* Release */,
			);
			defaultConfigurationIsVisible = 0;
			defaultConfigurationName = Release;
		};
/* End XCConfigurationList section */
	};
	rootObject = 79BE1481253523AA004FC830 /* Project object */;
}
